// !$*UTF8*$!
{
	archiveVersion = 1;
	classes = {
	};
	objectVersion = 48;
	objects = {

/* Begin PBXBuildFile section */
		AE0832AD1FA6913000937303 /* Activity.m in Sources */ = {isa = PBXBuildFile; fileRef = AE0832AC1FA6913000937303 /* Activity.m */; };
		AE0832B01FA69F8000937303 /* LocationAndActivityTracker.m in Sources */ = {isa = PBXBuildFile; fileRef = AE0832AF1FA69F8000937303 /* LocationAndActivityTracker.m */; };
		AE0832B31FA6A5E900937303 /* NSDate+Additions.m in Sources */ = {isa = PBXBuildFile; fileRef = AE0832B21FA6A5E900937303 /* NSDate+Additions.m */; };
		AE0832B61FA76E2300937303 /* DateFormatter.m in Sources */ = {isa = PBXBuildFile; fileRef = AE0832B51FA76E2300937303 /* DateFormatter.m */; };
		AE82BFFF1FA227080096E665 /* AppDelegate.m in Sources */ = {isa = PBXBuildFile; fileRef = AE82BFFE1FA227080096E665 /* AppDelegate.m */; };
		AE82C0071FA227080096E665 /* Assets.xcassets in Resources */ = {isa = PBXBuildFile; fileRef = AE82C0061FA227080096E665 /* Assets.xcassets */; };
		AE82C00D1FA227080096E665 /* main.m in Sources */ = {isa = PBXBuildFile; fileRef = AE82C00C1FA227080096E665 /* main.m */; };
		AE82C0191FA2462E0096E665 /* Activities.storyboard in Resources */ = {isa = PBXBuildFile; fileRef = AE82C0181FA2462E0096E665 /* Activities.storyboard */; };
		AE82C01C1FA246AF0096E665 /* ActivitiesCollectionViewController.m in Sources */ = {isa = PBXBuildFile; fileRef = AE82C01B1FA246AF0096E665 /* ActivitiesCollectionViewController.m */; };
		AE82C01F1FA24CD10096E665 /* ActivityCell.m in Sources */ = {isa = PBXBuildFile; fileRef = AE82C01E1FA24CD10096E665 /* ActivityCell.m */; };
		AEE834E31FA29FBA00B9A250 /* CMMotionActivity+Types.m in Sources */ = {isa = PBXBuildFile; fileRef = AEE834E21FA29FBA00B9A250 /* CMMotionActivity+Types.m */; };
/* End PBXBuildFile section */

/* Begin PBXFileReference section */
		AE0832AB1FA6913000937303 /* Activity.h */ = {isa = PBXFileReference; lastKnownFileType = sourcecode.c.h; path = Activity.h; sourceTree = "<group>"; };
		AE0832AC1FA6913000937303 /* Activity.m */ = {isa = PBXFileReference; lastKnownFileType = sourcecode.c.objc; path = Activity.m; sourceTree = "<group>"; };
		AE0832AE1FA69F8000937303 /* LocationAndActivityTracker.h */ = {isa = PBXFileReference; lastKnownFileType = sourcecode.c.h; path = LocationAndActivityTracker.h; sourceTree = "<group>"; };
		AE0832AF1FA69F8000937303 /* LocationAndActivityTracker.m */ = {isa = PBXFileReference; lastKnownFileType = sourcecode.c.objc; path = LocationAndActivityTracker.m; sourceTree = "<group>"; };
		AE0832B11FA6A5E900937303 /* NSDate+Additions.h */ = {isa = PBXFileReference; lastKnownFileType = sourcecode.c.h; path = "NSDate+Additions.h"; sourceTree = "<group>"; };
		AE0832B21FA6A5E900937303 /* NSDate+Additions.m */ = {isa = PBXFileReference; lastKnownFileType = sourcecode.c.objc; path = "NSDate+Additions.m"; sourceTree = "<group>"; };
		AE0832B41FA76E2300937303 /* DateFormatter.h */ = {isa = PBXFileReference; lastKnownFileType = sourcecode.c.h; path = DateFormatter.h; sourceTree = "<group>"; };
		AE0832B51FA76E2300937303 /* DateFormatter.m */ = {isa = PBXFileReference; lastKnownFileType = sourcecode.c.objc; path = DateFormatter.m; sourceTree = "<group>"; };
		AE82BFFA1FA227080096E665 /* MovesClone.app */ = {isa = PBXFileReference; explicitFileType = wrapper.application; includeInIndex = 0; path = MovesClone.app; sourceTree = BUILT_PRODUCTS_DIR; };
		AE82BFFD1FA227080096E665 /* AppDelegate.h */ = {isa = PBXFileReference; lastKnownFileType = sourcecode.c.h; path = AppDelegate.h; sourceTree = "<group>"; };
		AE82BFFE1FA227080096E665 /* AppDelegate.m */ = {isa = PBXFileReference; lastKnownFileType = sourcecode.c.objc; path = AppDelegate.m; sourceTree = "<group>"; };
		AE82C0061FA227080096E665 /* Assets.xcassets */ = {isa = PBXFileReference; lastKnownFileType = folder.assetcatalog; path = Assets.xcassets; sourceTree = "<group>"; };
		AE82C00B1FA227080096E665 /* Info.plist */ = {isa = PBXFileReference; lastKnownFileType = text.plist.xml; path = Info.plist; sourceTree = "<group>"; };
		AE82C00C1FA227080096E665 /* main.m */ = {isa = PBXFileReference; lastKnownFileType = sourcecode.c.objc; path = main.m; sourceTree = "<group>"; };
		AE82C0181FA2462E0096E665 /* Activities.storyboard */ = {isa = PBXFileReference; lastKnownFileType = file.storyboard; path = Activities.storyboard; sourceTree = "<group>"; };
		AE82C01A1FA246AF0096E665 /* ActivitiesCollectionViewController.h */ = {isa = PBXFileReference; lastKnownFileType = sourcecode.c.h; path = ActivitiesCollectionViewController.h; sourceTree = "<group>"; };
		AE82C01B1FA246AF0096E665 /* ActivitiesCollectionViewController.m */ = {isa = PBXFileReference; lastKnownFileType = sourcecode.c.objc; path = ActivitiesCollectionViewController.m; sourceTree = "<group>"; };
		AE82C01D1FA24CD10096E665 /* ActivityCell.h */ = {isa = PBXFileReference; lastKnownFileType = sourcecode.c.h; path = ActivityCell.h; sourceTree = "<group>"; };
		AE82C01E1FA24CD10096E665 /* ActivityCell.m */ = {isa = PBXFileReference; lastKnownFileType = sourcecode.c.objc; path = ActivityCell.m; sourceTree = "<group>"; };
		AEE834E11FA29FBA00B9A250 /* CMMotionActivity+Types.h */ = {isa = PBXFileReference; lastKnownFileType = sourcecode.c.h; path = "CMMotionActivity+Types.h"; sourceTree = "<group>"; };
		AEE834E21FA29FBA00B9A250 /* CMMotionActivity+Types.m */ = {isa = PBXFileReference; lastKnownFileType = sourcecode.c.objc; path = "CMMotionActivity+Types.m"; sourceTree = "<group>"; };
		AEF800091FA6866C0043548F /* Home.gpx */ = {isa = PBXFileReference; lastKnownFileType = text.xml; name = Home.gpx; path = TestLocations/Home.gpx; sourceTree = "<group>"; };
/* End PBXFileReference section */

/* Begin PBXFrameworksBuildPhase section */
		AE82BFF71FA227080096E665 /* Frameworks */ = {
			isa = PBXFrameworksBuildPhase;
			buildActionMask = 2147483647;
			files = (
			);
			runOnlyForDeploymentPostprocessing = 0;
		};
/* End PBXFrameworksBuildPhase section */

/* Begin PBXGroup section */
		AE0832B71FA7706300937303 /* ViewControllers */ = {
			isa = PBXGroup;
			children = (
				AE82C01A1FA246AF0096E665 /* ActivitiesCollectionViewController.h */,
				AE82C01B1FA246AF0096E665 /* ActivitiesCollectionViewController.m */,
			);
			path = ViewControllers;
			sourceTree = "<group>";
		};
		AE0832B81FA7706D00937303 /* Views */ = {
			isa = PBXGroup;
			children = (
				AE82C01D1FA24CD10096E665 /* ActivityCell.h */,
				AE82C01E1FA24CD10096E665 /* ActivityCell.m */,
			);
			path = Views;
			sourceTree = "<group>";
		};
		AE0832B91FA7707400937303 /* Tools */ = {
			isa = PBXGroup;
			children = (
				AE0832B41FA76E2300937303 /* DateFormatter.h */,
				AE0832B51FA76E2300937303 /* DateFormatter.m */,
				AE0832AE1FA69F8000937303 /* LocationAndActivityTracker.h */,
				AE0832AF1FA69F8000937303 /* LocationAndActivityTracker.m */,
			);
			path = Tools;
			sourceTree = "<group>";
		};
		AE0832BA1FA7707C00937303 /* Application */ = {
			isa = PBXGroup;
			children = (
				AE82BFFD1FA227080096E665 /* AppDelegate.h */,
				AE82BFFE1FA227080096E665 /* AppDelegate.m */,
				AE82C00B1FA227080096E665 /* Info.plist */,
				AE82C00C1FA227080096E665 /* main.m */,
			);
			path = Application;
			sourceTree = "<group>";
		};
		AE0832BB1FA7708300937303 /* Resources */ = {
			isa = PBXGroup;
			children = (
				AE82C0061FA227080096E665 /* Assets.xcassets */,
				AE82C0181FA2462E0096E665 /* Activities.storyboard */,
			);
			path = Resources;
			sourceTree = "<group>";
		};
		AE0832BC1FA770A400937303 /* Extensions */ = {
			isa = PBXGroup;
			children = (
				AEE834E11FA29FBA00B9A250 /* CMMotionActivity+Types.h */,
				AEE834E21FA29FBA00B9A250 /* CMMotionActivity+Types.m */,
				AE0832B11FA6A5E900937303 /* NSDate+Additions.h */,
				AE0832B21FA6A5E900937303 /* NSDate+Additions.m */,
			);
			path = Extensions;
			sourceTree = "<group>";
		};
		AE0832BD1FA770C300937303 /* Model */ = {
			isa = PBXGroup;
			children = (
				AE0832AB1FA6913000937303 /* Activity.h */,
				AE0832AC1FA6913000937303 /* Activity.m */,
			);
			path = Model;
			sourceTree = "<group>";
		};
		AE82BFF11FA227080096E665 = {
			isa = PBXGroup;
			children = (
				AEF800091FA6866C0043548F /* Home.gpx */,
				AE82BFFC1FA227080096E665 /* MovesClone */,
				AE82BFFB1FA227080096E665 /* Products */,
			);
			sourceTree = "<group>";
		};
		AE82BFFB1FA227080096E665 /* Products */ = {
			isa = PBXGroup;
			children = (
				AE82BFFA1FA227080096E665 /* MovesClone.app */,
			);
			name = Products;
			sourceTree = "<group>";
		};
		AE82BFFC1FA227080096E665 /* MovesClone */ = {
			isa = PBXGroup;
			children = (
				AE0832BA1FA7707C00937303 /* Application */,
				AE0832BC1FA770A400937303 /* Extensions */,
				AE0832BD1FA770C300937303 /* Model */,
				AE0832BB1FA7708300937303 /* Resources */,
				AE0832B91FA7707400937303 /* Tools */,
				AE0832B71FA7706300937303 /* ViewControllers */,
				AE0832B81FA7706D00937303 /* Views */,
			);
			path = MovesClone;
			sourceTree = "<group>";
		};
/* End PBXGroup section */

/* Begin PBXNativeTarget section */
		AE82BFF91FA227080096E665 /* MovesClone */ = {
			isa = PBXNativeTarget;
			buildConfigurationList = AE82C0101FA227080096E665 /* Build configuration list for PBXNativeTarget "MovesClone" */;
			buildPhases = (
				AE82BFF61FA227080096E665 /* Sources */,
				AE82BFF71FA227080096E665 /* Frameworks */,
				AE82BFF81FA227080096E665 /* Resources */,
			);
			buildRules = (
			);
			dependencies = (
			);
			name = MovesClone;
			productName = MovesClone;
			productReference = AE82BFFA1FA227080096E665 /* MovesClone.app */;
			productType = "com.apple.product-type.application";
		};
/* End PBXNativeTarget section */

/* Begin PBXProject section */
		AE82BFF21FA227080096E665 /* Project object */ = {
			isa = PBXProject;
			attributes = {
				LastUpgradeCheck = 0900;
				ORGANIZATIONNAME = GearAppa;
				TargetAttributes = {
					AE82BFF91FA227080096E665 = {
						CreatedOnToolsVersion = 9.0.1;
						ProvisioningStyle = Automatic;
						SystemCapabilities = {
							com.apple.BackgroundModes = {
								enabled = 1;
							};
						};
					};
				};
			};
			buildConfigurationList = AE82BFF51FA227080096E665 /* Build configuration list for PBXProject "MovesClone" */;
			compatibilityVersion = "Xcode 8.0";
			developmentRegion = en;
			hasScannedForEncodings = 0;
			knownRegions = (
				en,
				Base,
			);
			mainGroup = AE82BFF11FA227080096E665;
			productRefGroup = AE82BFFB1FA227080096E665 /* Products */;
			projectDirPath = "";
			projectRoot = "";
			targets = (
				AE82BFF91FA227080096E665 /* MovesClone */,
			);
		};
/* End PBXProject section */

/* Begin PBXResourcesBuildPhase section */
		AE82BFF81FA227080096E665 /* Resources */ = {
			isa = PBXResourcesBuildPhase;
			buildActionMask = 2147483647;
			files = (
				AE82C0191FA2462E0096E665 /* Activities.storyboard in Resources */,
				AE82C0071FA227080096E665 /* Assets.xcassets in Resources */,
			);
			runOnlyForDeploymentPostprocessing = 0;
		};
/* End PBXResourcesBuildPhase section */

/* Begin PBXSourcesBuildPhase section */
		AE82BFF61FA227080096E665 /* Sources */ = {
			isa = PBXSourcesBuildPhase;
			buildActionMask = 2147483647;
			files = (
				AE82C01F1FA24CD10096E665 /* ActivityCell.m in Sources */,
				AE0832B61FA76E2300937303 /* DateFormatter.m in Sources */,
				AE82C01C1FA246AF0096E665 /* ActivitiesCollectionViewController.m in Sources */,
				AE82C00D1FA227080096E665 /* main.m in Sources */,
				AE82BFFF1FA227080096E665 /* AppDelegate.m in Sources */,
				AE0832AD1FA6913000937303 /* Activity.m in Sources */,
				AE0832B01FA69F8000937303 /* LocationAndActivityTracker.m in Sources */,
				AE0832B31FA6A5E900937303 /* NSDate+Additions.m in Sources */,
				AEE834E31FA29FBA00B9A250 /* CMMotionActivity+Types.m in Sources */,
			);
			runOnlyForDeploymentPostprocessing = 0;
		};
/* End PBXSourcesBuildPhase section */

/* Begin XCBuildConfiguration section */
		AE82C00E1FA227080096E665 /* Debug */ = {
			isa = XCBuildConfiguration;
			buildSettings = {
				ALWAYS_SEARCH_USER_PATHS = NO;
				CLANG_ANALYZER_NONNULL = YES;
				CLANG_ANALYZER_NUMBER_OBJECT_CONVERSION = YES_AGGRESSIVE;
				CLANG_CXX_LANGUAGE_STANDARD = "gnu++14";
				CLANG_CXX_LIBRARY = "libc++";
				CLANG_ENABLE_MODULES = YES;
				CLANG_ENABLE_OBJC_ARC = YES;
				CLANG_WARN_BLOCK_CAPTURE_AUTORELEASING = YES;
				CLANG_WARN_BOOL_CONVERSION = YES;
				CLANG_WARN_COMMA = YES;
				CLANG_WARN_CONSTANT_CONVERSION = YES;
				CLANG_WARN_DIRECT_OBJC_ISA_USAGE = YES_ERROR;
				CLANG_WARN_DOCUMENTATION_COMMENTS = YES;
				CLANG_WARN_EMPTY_BODY = YES;
				CLANG_WARN_ENUM_CONVERSION = YES;
				CLANG_WARN_INFINITE_RECURSION = YES;
				CLANG_WARN_INT_CONVERSION = YES;
				CLANG_WARN_NON_LITERAL_NULL_CONVERSION = YES;
				CLANG_WARN_OBJC_LITERAL_CONVERSION = YES;
				CLANG_WARN_OBJC_ROOT_CLASS = YES_ERROR;
				CLANG_WARN_RANGE_LOOP_ANALYSIS = YES;
				CLANG_WARN_STRICT_PROTOTYPES = YES;
				CLANG_WARN_SUSPICIOUS_MOVE = YES;
				CLANG_WARN_UNGUARDED_AVAILABILITY = YES_AGGRESSIVE;
				CLANG_WARN_UNREACHABLE_CODE = YES;
				CLANG_WARN__DUPLICATE_METHOD_MATCH = YES;
				CODE_SIGN_IDENTITY = "iPhone Developer";
				COPY_PHASE_STRIP = NO;
				DEBUG_INFORMATION_FORMAT = dwarf;
				ENABLE_STRICT_OBJC_MSGSEND = YES;
				ENABLE_TESTABILITY = YES;
				GCC_C_LANGUAGE_STANDARD = gnu11;
				GCC_DYNAMIC_NO_PIC = NO;
				GCC_NO_COMMON_BLOCKS = YES;
				GCC_OPTIMIZATION_LEVEL = 0;
				GCC_PREPROCESSOR_DEFINITIONS = (
					"DEBUG=1",
					"$(inherited)",
				);
				GCC_WARN_64_TO_32_BIT_CONVERSION = YES;
				GCC_WARN_ABOUT_RETURN_TYPE = YES_ERROR;
				GCC_WARN_UNDECLARED_SELECTOR = YES;
				GCC_WARN_UNINITIALIZED_AUTOS = YES_AGGRESSIVE;
				GCC_WARN_UNUSED_FUNCTION = YES;
				GCC_WARN_UNUSED_VARIABLE = YES;
				IPHONEOS_DEPLOYMENT_TARGET = 11.0;
				MTL_ENABLE_DEBUG_INFO = YES;
				ONLY_ACTIVE_ARCH = YES;
				SDKROOT = iphoneos;
			};
			name = Debug;
		};
		AE82C00F1FA227080096E665 /* Release */ = {
			isa = XCBuildConfiguration;
			buildSettings = {
				ALWAYS_SEARCH_USER_PATHS = NO;
				CLANG_ANALYZER_NONNULL = YES;
				CLANG_ANALYZER_NUMBER_OBJECT_CONVERSION = YES_AGGRESSIVE;
				CLANG_CXX_LANGUAGE_STANDARD = "gnu++14";
				CLANG_CXX_LIBRARY = "libc++";
				CLANG_ENABLE_MODULES = YES;
				CLANG_ENABLE_OBJC_ARC = YES;
				CLANG_WARN_BLOCK_CAPTURE_AUTORELEASING = YES;
				CLANG_WARN_BOOL_CONVERSION = YES;
				CLANG_WARN_COMMA = YES;
				CLANG_WARN_CONSTANT_CONVERSION = YES;
				CLANG_WARN_DIRECT_OBJC_ISA_USAGE = YES_ERROR;
				CLANG_WARN_DOCUMENTATION_COMMENTS = YES;
				CLANG_WARN_EMPTY_BODY = YES;
				CLANG_WARN_ENUM_CONVERSION = YES;
				CLANG_WARN_INFINITE_RECURSION = YES;
				CLANG_WARN_INT_CONVERSION = YES;
				CLANG_WARN_NON_LITERAL_NULL_CONVERSION = YES;
				CLANG_WARN_OBJC_LITERAL_CONVERSION = YES;
				CLANG_WARN_OBJC_ROOT_CLASS = YES_ERROR;
				CLANG_WARN_RANGE_LOOP_ANALYSIS = YES;
				CLANG_WARN_STRICT_PROTOTYPES = YES;
				CLANG_WARN_SUSPICIOUS_MOVE = YES;
				CLANG_WARN_UNGUARDED_AVAILABILITY = YES_AGGRESSIVE;
				CLANG_WARN_UNREACHABLE_CODE = YES;
				CLANG_WARN__DUPLICATE_METHOD_MATCH = YES;
				CODE_SIGN_IDENTITY = "iPhone Developer";
				COPY_PHASE_STRIP = NO;
				DEBUG_INFORMATION_FORMAT = "dwarf-with-dsym";
				ENABLE_NS_ASSERTIONS = NO;
				ENABLE_STRICT_OBJC_MSGSEND = YES;
				GCC_C_LANGUAGE_STANDARD = gnu11;
				GCC_NO_COMMON_BLOCKS = YES;
				GCC_WARN_64_TO_32_BIT_CONVERSION = YES;
				GCC_WARN_ABOUT_RETURN_TYPE = YES_ERROR;
				GCC_WARN_UNDECLARED_SELECTOR = YES;
				GCC_WARN_UNINITIALIZED_AUTOS = YES_AGGRESSIVE;
				GCC_WARN_UNUSED_FUNCTION = YES;
				GCC_WARN_UNUSED_VARIABLE = YES;
				IPHONEOS_DEPLOYMENT_TARGET = 11.0;
				MTL_ENABLE_DEBUG_INFO = NO;
				SDKROOT = iphoneos;
				VALIDATE_PRODUCT = YES;
			};
			name = Release;
		};
		AE82C0111FA227080096E665 /* Debug */ = {
			isa = XCBuildConfiguration;
			buildSettings = {
				ASSETCATALOG_COMPILER_APPICON_NAME = AppIcon;
				CODE_SIGN_STYLE = Automatic;
				DEVELOPMENT_TEAM = WDE7KVBJBN;
				INFOPLIST_FILE = "$(SRCROOT)/MovesClone/Application/Info.plist";
				IPHONEOS_DEPLOYMENT_TARGET = 10.0;
				LD_RUNPATH_SEARCH_PATHS = "$(inherited) @executable_path/Frameworks";
				PRODUCT_BUNDLE_IDENTIFIER = com.gerappa.MovesClone;
				PRODUCT_NAME = "$(TARGET_NAME)";
				TARGETED_DEVICE_FAMILY = "1,2";
			};
			name = Debug;
		};
		AE82C0121FA227080096E665 /* Release */ = {
			isa = XCBuildConfiguration;
			buildSettings = {
				ASSETCATALOG_COMPILER_APPICON_NAME = AppIcon;
				CODE_SIGN_STYLE = Automatic;
				DEVELOPMENT_TEAM = WDE7KVBJBN;
				INFOPLIST_FILE = "$(SRCROOT)/MovesClone/Application/Info.plist";
				IPHONEOS_DEPLOYMENT_TARGET = 10.0;
				LD_RUNPATH_SEARCH_PATHS = "$(inherited) @executable_path/Frameworks";
				PRODUCT_BUNDLE_IDENTIFIER = com.gerappa.MovesClone;
				PRODUCT_NAME = "$(TARGET_NAME)";
				TARGETED_DEVICE_FAMILY = "1,2";
			};
			name = Release;
		};
/* End XCBuildConfiguration section */

/* Begin XCConfigurationList section */
		AE82BFF51FA227080096E665 /* Build configuration list for PBXProject "MovesClone" */ = {
			isa = XCConfigurationList;
			buildConfigurations = (
				AE82C00E1FA227080096E665 /* Debug */,
				AE82C00F1FA227080096E665 /* Release */,
			);
			defaultConfigurationIsVisible = 0;
			defaultConfigurationName = Release;
		};
		AE82C0101FA227080096E665 /* Build configuration list for PBXNativeTarget "MovesClone" */ = {
			isa = XCConfigurationList;
			buildConfigurations = (
				AE82C0111FA227080096E665 /* Debug */,
				AE82C0121FA227080096E665 /* Release */,
			);
			defaultConfigurationIsVisible = 0;
			defaultConfigurationName = Release;
		};
/* End XCConfigurationList section */
	};
	rootObject = AE82BFF21FA227080096E665 /* Project object */;
}
